// !$*UTF8*$!
{
	archiveVersion = 1;
	classes = {
	};
	objectVersion = 56;
	objects = {

/* Begin PBXBuildFile section */
		786130A82CB454A20008F9B6 /* App761App.swift in Sources */ = {isa = PBXBuildFile; fileRef = 786130A72CB454A20008F9B6 /* App761App.swift */; };
		786130AA2CB454A20008F9B6 /* ContentView.swift in Sources */ = {isa = PBXBuildFile; fileRef = 786130A92CB454A20008F9B6 /* ContentView.swift */; };
		786130AC2CB454A40008F9B6 /* Assets.xcassets in Resources */ = {isa = PBXBuildFile; fileRef = 786130AB2CB454A40008F9B6 /* Assets.xcassets */; };
		786130B02CB454A40008F9B6 /* Preview Assets.xcassets in Resources */ = {isa = PBXBuildFile; fileRef = 786130AF2CB454A40008F9B6 /* Preview Assets.xcassets */; };
		786130C32CB457490008F9B6 /* EventsView.swift in Sources */ = {isa = PBXBuildFile; fileRef = 786130C22CB457490008F9B6 /* EventsView.swift */; };
		786130C52CB457510008F9B6 /* ParticipantsView.swift in Sources */ = {isa = PBXBuildFile; fileRef = 786130C42CB457510008F9B6 /* ParticipantsView.swift */; };
		786130C72CB457590008F9B6 /* SettingsView.swift in Sources */ = {isa = PBXBuildFile; fileRef = 786130C62CB457590008F9B6 /* SettingsView.swift */; };
		786130C92CB4576A0008F9B6 /* CoreDataStack.swift in Sources */ = {isa = PBXBuildFile; fileRef = 786130C82CB4576A0008F9B6 /* CoreDataStack.swift */; };
		786130CB2CB457700008F9B6 /* Array.swift in Sources */ = {isa = PBXBuildFile; fileRef = 786130CA2CB457700008F9B6 /* Array.swift */; };
		786130CD2CB457790008F9B6 /* DateConvert.swift in Sources */ = {isa = PBXBuildFile; fileRef = 786130CC2CB457790008F9B6 /* DateConvert.swift */; };
		786130D12CB457860008F9B6 /* Launch Screen.storyboard in Resources */ = {isa = PBXBuildFile; fileRef = 786130D02CB457860008F9B6 /* Launch Screen.storyboard */; };
		786130D52CB4579C0008F9B6 /* LoadingView.swift in Sources */ = {isa = PBXBuildFile; fileRef = 786130D42CB4579C0008F9B6 /* LoadingView.swift */; };
		786130D72CB457A10008F9B6 /* R1.swift in Sources */ = {isa = PBXBuildFile; fileRef = 786130D62CB457A10008F9B6 /* R1.swift */; };
		786130D92CB457A60008F9B6 /* R2.swift in Sources */ = {isa = PBXBuildFile; fileRef = 786130D82CB457A60008F9B6 /* R2.swift */; };
		786130DB2CB457AF0008F9B6 /* U1.swift in Sources */ = {isa = PBXBuildFile; fileRef = 786130DA2CB457AF0008F9B6 /* U1.swift */; };
		786130DD2CB457B60008F9B6 /* Reviews.swift in Sources */ = {isa = PBXBuildFile; fileRef = 786130DC2CB457B60008F9B6 /* Reviews.swift */; };
		786130DF2CB457BC0008F9B6 /* Not.swift in Sources */ = {isa = PBXBuildFile; fileRef = 786130DE2CB457BC0008F9B6 /* Not.swift */; };
		786130E12CB457CD0008F9B6 /* EventsViewModel.swift in Sources */ = {isa = PBXBuildFile; fileRef = 786130E02CB457CD0008F9B6 /* EventsViewModel.swift */; };
		786130E32CB457D80008F9B6 /* ParticipantsViewModel.swift in Sources */ = {isa = PBXBuildFile; fileRef = 786130E22CB457D80008F9B6 /* ParticipantsViewModel.swift */; };
		786130E62CB57CD20008F9B6 /* AddPart.swift in Sources */ = {isa = PBXBuildFile; fileRef = 786130E52CB57CD20008F9B6 /* AddPart.swift */; };
		786130E92CB57D130008F9B6 /* CoreModel.xcdatamodeld in Sources */ = {isa = PBXBuildFile; fileRef = 786130E72CB57D130008F9B6 /* CoreModel.xcdatamodeld */; };
		786130EC2CB5CF2C0008F9B6 /* AddEvent.swift in Sources */ = {isa = PBXBuildFile; fileRef = 786130EB2CB5CF2C0008F9B6 /* AddEvent.swift */; };
/* End PBXBuildFile section */

/* Begin PBXFileReference section */
		786130A42CB454A20008F9B6 /* App761.app */ = {isa = PBXFileReference; explicitFileType = wrapper.application; includeInIndex = 0; path = App761.app; sourceTree = BUILT_PRODUCTS_DIR; };
		786130A72CB454A20008F9B6 /* App761App.swift */ = {isa = PBXFileReference; lastKnownFileType = sourcecode.swift; path = App761App.swift; sourceTree = "<group>"; };
		786130A92CB454A20008F9B6 /* ContentView.swift */ = {isa = PBXFileReference; lastKnownFileType = sourcecode.swift; path = ContentView.swift; sourceTree = "<group>"; };
		786130AB2CB454A40008F9B6 /* Assets.xcassets */ = {isa = PBXFileReference; lastKnownFileType = folder.assetcatalog; path = Assets.xcassets; sourceTree = "<group>"; };
		786130AD2CB454A40008F9B6 /* App761.entitlements */ = {isa = PBXFileReference; lastKnownFileType = text.plist.entitlements; path = App761.entitlements; sourceTree = "<group>"; };
		786130AF2CB454A40008F9B6 /* Preview Assets.xcassets */ = {isa = PBXFileReference; lastKnownFileType = folder.assetcatalog; path = "Preview Assets.xcassets"; sourceTree = "<group>"; };
		786130C22CB457490008F9B6 /* EventsView.swift */ = {isa = PBXFileReference; lastKnownFileType = sourcecode.swift; path = EventsView.swift; sourceTree = "<group>"; };
		786130C42CB457510008F9B6 /* ParticipantsView.swift */ = {isa = PBXFileReference; lastKnownFileType = sourcecode.swift; path = ParticipantsView.swift; sourceTree = "<group>"; };
		786130C62CB457590008F9B6 /* SettingsView.swift */ = {isa = PBXFileReference; lastKnownFileType = sourcecode.swift; path = SettingsView.swift; sourceTree = "<group>"; };
		786130C82CB4576A0008F9B6 /* CoreDataStack.swift */ = {isa = PBXFileReference; lastKnownFileType = sourcecode.swift; path = CoreDataStack.swift; sourceTree = "<group>"; };
		786130CA2CB457700008F9B6 /* Array.swift */ = {isa = PBXFileReference; lastKnownFileType = sourcecode.swift; path = Array.swift; sourceTree = "<group>"; };
		786130CC2CB457790008F9B6 /* DateConvert.swift */ = {isa = PBXFileReference; lastKnownFileType = sourcecode.swift; path = DateConvert.swift; sourceTree = "<group>"; };
		786130D02CB457860008F9B6 /* Launch Screen.storyboard */ = {isa = PBXFileReference; lastKnownFileType = file.storyboard; path = "Launch Screen.storyboard"; sourceTree = "<group>"; };
		786130D42CB4579C0008F9B6 /* LoadingView.swift */ = {isa = PBXFileReference; lastKnownFileType = sourcecode.swift; path = LoadingView.swift; sourceTree = "<group>"; };
		786130D62CB457A10008F9B6 /* R1.swift */ = {isa = PBXFileReference; lastKnownFileType = sourcecode.swift; path = R1.swift; sourceTree = "<group>"; };
		786130D82CB457A60008F9B6 /* R2.swift */ = {isa = PBXFileReference; lastKnownFileType = sourcecode.swift; path = R2.swift; sourceTree = "<group>"; };
		786130DA2CB457AF0008F9B6 /* U1.swift */ = {isa = PBXFileReference; lastKnownFileType = sourcecode.swift; path = U1.swift; sourceTree = "<group>"; };
		786130DC2CB457B60008F9B6 /* Reviews.swift */ = {isa = PBXFileReference; lastKnownFileType = sourcecode.swift; path = Reviews.swift; sourceTree = "<group>"; };
		786130DE2CB457BC0008F9B6 /* Not.swift */ = {isa = PBXFileReference; lastKnownFileType = sourcecode.swift; path = Not.swift; sourceTree = "<group>"; };
		786130E02CB457CD0008F9B6 /* EventsViewModel.swift */ = {isa = PBXFileReference; lastKnownFileType = sourcecode.swift; path = EventsViewModel.swift; sourceTree = "<group>"; };
		786130E22CB457D80008F9B6 /* ParticipantsViewModel.swift */ = {isa = PBXFileReference; lastKnownFileType = sourcecode.swift; path = ParticipantsViewModel.swift; sourceTree = "<group>"; };
		786130E52CB57CD20008F9B6 /* AddPart.swift */ = {isa = PBXFileReference; lastKnownFileType = sourcecode.swift; path = AddPart.swift; sourceTree = "<group>"; };
		786130E82CB57D130008F9B6 /* CoreModel.xcdatamodel */ = {isa = PBXFileReference; lastKnownFileType = wrapper.xcdatamodel; path = CoreModel.xcdatamodel; sourceTree = "<group>"; };
		786130EB2CB5CF2C0008F9B6 /* AddEvent.swift */ = {isa = PBXFileReference; lastKnownFileType = sourcecode.swift; path = AddEvent.swift; sourceTree = "<group>"; };
/* End PBXFileReference section */

/* Begin PBXFrameworksBuildPhase section */
		786130A12CB454A20008F9B6 /* Frameworks */ = {
			isa = PBXFrameworksBuildPhase;
			buildActionMask = 2147483647;
			files = (
			);
			runOnlyForDeploymentPostprocessing = 0;
		};
/* End PBXFrameworksBuildPhase section */

/* Begin PBXGroup section */
		7861309B2CB454A20008F9B6 = {
			isa = PBXGroup;
			children = (
				786130A62CB454A20008F9B6 /* App761 */,
				786130A52CB454A20008F9B6 /* Products */,
			);
			sourceTree = "<group>";
		};
		786130A52CB454A20008F9B6 /* Products */ = {
			isa = PBXGroup;
			children = (
				786130A42CB454A20008F9B6 /* App761.app */,
			);
			name = Products;
			sourceTree = "<group>";
		};
		786130A62CB454A20008F9B6 /* App761 */ = {
			isa = PBXGroup;
			children = (
				786130B62CB456F10008F9B6 /* All */,
				786130A72CB454A20008F9B6 /* App761App.swift */,
				786130A92CB454A20008F9B6 /* ContentView.swift */,
				786130AB2CB454A40008F9B6 /* Assets.xcassets */,
				786130AD2CB454A40008F9B6 /* App761.entitlements */,
				786130AE2CB454A40008F9B6 /* Preview Content */,
			);
			path = App761;
			sourceTree = "<group>";
		};
		786130AE2CB454A40008F9B6 /* Preview Content */ = {
			isa = PBXGroup;
			children = (
				786130AF2CB454A40008F9B6 /* Preview Assets.xcassets */,
			);
			path = "Preview Content";
			sourceTree = "<group>";
		};
		786130B62CB456F10008F9B6 /* All */ = {
			isa = PBXGroup;
			children = (
				786130BA2CB457060008F9B6 /* Views */,
				786130B92CB457000008F9B6 /* Extensions */,
				786130B72CB456F60008F9B6 /* Start */,
			);
			path = All;
			sourceTree = "<group>";
		};
		786130B72CB456F60008F9B6 /* Start */ = {
			isa = PBXGroup;
			children = (
				786130BE2CB457170008F9B6 /* R */,
				786130BD2CB457140008F9B6 /* U */,
				786130BC2CB4570F0008F9B6 /* Loading */,
				786130BB2CB4570B0008F9B6 /* Launch */,
			);
			path = Start;
			sourceTree = "<group>";
		};
		786130B92CB457000008F9B6 /* Extensions */ = {
			isa = PBXGroup;
			children = (
				786130C82CB4576A0008F9B6 /* CoreDataStack.swift */,
				786130CA2CB457700008F9B6 /* Array.swift */,
				786130CC2CB457790008F9B6 /* DateConvert.swift */,
				786130E72CB57D130008F9B6 /* CoreModel.xcdatamodeld */,
			);
			path = Extensions;
			sourceTree = "<group>";
		};
		786130BA2CB457060008F9B6 /* Views */ = {
			isa = PBXGroup;
			children = (
				786130C12CB457370008F9B6 /* Settings */,
				786130C02CB457310008F9B6 /* Participants */,
				786130BF2CB4572D0008F9B6 /* Events */,
			);
			path = Views;
			sourceTree = "<group>";
		};
		786130BB2CB4570B0008F9B6 /* Launch */ = {
			isa = PBXGroup;
			children = (
				786130D02CB457860008F9B6 /* Launch Screen.storyboard */,
			);
			path = Launch;
			sourceTree = "<group>";
		};
		786130BC2CB4570F0008F9B6 /* Loading */ = {
			isa = PBXGroup;
			children = (
				786130D42CB4579C0008F9B6 /* LoadingView.swift */,
			);
			path = Loading;
			sourceTree = "<group>";
		};
		786130BD2CB457140008F9B6 /* U */ = {
			isa = PBXGroup;
			children = (
				786130DA2CB457AF0008F9B6 /* U1.swift */,
				786130DC2CB457B60008F9B6 /* Reviews.swift */,
				786130DE2CB457BC0008F9B6 /* Not.swift */,
			);
			path = U;
			sourceTree = "<group>";
		};
		786130BE2CB457170008F9B6 /* R */ = {
			isa = PBXGroup;
			children = (
				786130D62CB457A10008F9B6 /* R1.swift */,
				786130D82CB457A60008F9B6 /* R2.swift */,
			);
			path = R;
			sourceTree = "<group>";
		};
		786130BF2CB4572D0008F9B6 /* Events */ = {
			isa = PBXGroup;
			children = (
				786130EA2CB5CF210008F9B6 /* AddEvent */,
				786130C22CB457490008F9B6 /* EventsView.swift */,
				786130E02CB457CD0008F9B6 /* EventsViewModel.swift */,
			);
			path = Events;
			sourceTree = "<group>";
		};
		786130C02CB457310008F9B6 /* Participants */ = {
			isa = PBXGroup;
			children = (
				786130E42CB57CC90008F9B6 /* AddPart */,
				786130C42CB457510008F9B6 /* ParticipantsView.swift */,
				786130E22CB457D80008F9B6 /* ParticipantsViewModel.swift */,
			);
			path = Participants;
			sourceTree = "<group>";
		};
		786130C12CB457370008F9B6 /* Settings */ = {
			isa = PBXGroup;
			children = (
				786130C62CB457590008F9B6 /* SettingsView.swift */,
			);
			path = Settings;
			sourceTree = "<group>";
		};
		786130E42CB57CC90008F9B6 /* AddPart */ = {
			isa = PBXGroup;
			children = (
				786130E52CB57CD20008F9B6 /* AddPart.swift */,
			);
			path = AddPart;
			sourceTree = "<group>";
		};
		786130EA2CB5CF210008F9B6 /* AddEvent */ = {
			isa = PBXGroup;
			children = (
				786130EB2CB5CF2C0008F9B6 /* AddEvent.swift */,
			);
			path = AddEvent;
			sourceTree = "<group>";
		};
/* End PBXGroup section */

/* Begin PBXNativeTarget section */
		786130A32CB454A20008F9B6 /* App761 */ = {
			isa = PBXNativeTarget;
			buildConfigurationList = 786130B32CB454A40008F9B6 /* Build configuration list for PBXNativeTarget "App761" */;
			buildPhases = (
				786130A02CB454A20008F9B6 /* Sources */,
				786130A12CB454A20008F9B6 /* Frameworks */,
				786130A22CB454A20008F9B6 /* Resources */,
			);
			buildRules = (
			);
			dependencies = (
			);
			name = App761;
			productName = App761;
			productReference = 786130A42CB454A20008F9B6 /* App761.app */;
			productType = "com.apple.product-type.application";
		};
/* End PBXNativeTarget section */

/* Begin PBXProject section */
		7861309C2CB454A20008F9B6 /* Project object */ = {
			isa = PBXProject;
			attributes = {
				BuildIndependentTargetsInParallel = 1;
				LastSwiftUpdateCheck = 1540;
				LastUpgradeCheck = 1540;
				TargetAttributes = {
					786130A32CB454A20008F9B6 = {
						CreatedOnToolsVersion = 15.4;
					};
				};
			};
			buildConfigurationList = 7861309F2CB454A20008F9B6 /* Build configuration list for PBXProject "App761" */;
			compatibilityVersion = "Xcode 14.0";
			developmentRegion = en;
			hasScannedForEncodings = 0;
			knownRegions = (
				en,
				Base,
			);
			mainGroup = 7861309B2CB454A20008F9B6;
			productRefGroup = 786130A52CB454A20008F9B6 /* Products */;
			projectDirPath = "";
			projectRoot = "";
			targets = (
				786130A32CB454A20008F9B6 /* App761 */,
			);
		};
/* End PBXProject section */

/* Begin PBXResourcesBuildPhase section */
		786130A22CB454A20008F9B6 /* Resources */ = {
			isa = PBXResourcesBuildPhase;
			buildActionMask = 2147483647;
			files = (
				786130D12CB457860008F9B6 /* Launch Screen.storyboard in Resources */,
				786130B02CB454A40008F9B6 /* Preview Assets.xcassets in Resources */,
				786130AC2CB454A40008F9B6 /* Assets.xcassets in Resources */,
			);
			runOnlyForDeploymentPostprocessing = 0;
		};
/* End PBXResourcesBuildPhase section */

/* Begin PBXSourcesBuildPhase section */
		786130A02CB454A20008F9B6 /* Sources */ = {
			isa = PBXSourcesBuildPhase;
			buildActionMask = 2147483647;
			files = (
				786130E12CB457CD0008F9B6 /* EventsViewModel.swift in Sources */,
				786130DF2CB457BC0008F9B6 /* Not.swift in Sources */,
				786130C72CB457590008F9B6 /* SettingsView.swift in Sources */,
				786130D72CB457A10008F9B6 /* R1.swift in Sources */,
				786130AA2CB454A20008F9B6 /* ContentView.swift in Sources */,
				786130D52CB4579C0008F9B6 /* LoadingView.swift in Sources */,
				786130E32CB457D80008F9B6 /* ParticipantsViewModel.swift in Sources */,
				786130CB2CB457700008F9B6 /* Array.swift in Sources */,
				786130CD2CB457790008F9B6 /* DateConvert.swift in Sources */,
				786130A82CB454A20008F9B6 /* App761App.swift in Sources */,
				786130DB2CB457AF0008F9B6 /* U1.swift in Sources */,
				786130C92CB4576A0008F9B6 /* CoreDataStack.swift in Sources */,
				786130C52CB457510008F9B6 /* ParticipantsView.swift in Sources */,
				786130C32CB457490008F9B6 /* EventsView.swift in Sources */,
				786130D92CB457A60008F9B6 /* R2.swift in Sources */,
				786130EC2CB5CF2C0008F9B6 /* AddEvent.swift in Sources */,
				786130E92CB57D130008F9B6 /* CoreModel.xcdatamodeld in Sources */,
				786130E62CB57CD20008F9B6 /* AddPart.swift in Sources */,
				786130DD2CB457B60008F9B6 /* Reviews.swift in Sources */,
			);
			runOnlyForDeploymentPostprocessing = 0;
		};
/* End PBXSourcesBuildPhase section */

/* Begin XCBuildConfiguration section */
		786130B12CB454A40008F9B6 /* Debug */ = {
			isa = XCBuildConfiguration;
			buildSettings = {
				ALWAYS_SEARCH_USER_PATHS = NO;
				ASSETCATALOG_COMPILER_GENERATE_SWIFT_ASSET_SYMBOL_EXTENSIONS = YES;
				CLANG_ANALYZER_NONNULL = YES;
				CLANG_ANALYZER_NUMBER_OBJECT_CONVERSION = YES_AGGRESSIVE;
				CLANG_CXX_LANGUAGE_STANDARD = "gnu++20";
				CLANG_ENABLE_MODULES = YES;
				CLANG_ENABLE_OBJC_ARC = YES;
				CLANG_ENABLE_OBJC_WEAK = YES;
				CLANG_WARN_BLOCK_CAPTURE_AUTORELEASING = YES;
				CLANG_WARN_BOOL_CONVERSION = YES;
				CLANG_WARN_COMMA = YES;
				CLANG_WARN_CONSTANT_CONVERSION = YES;
				CLANG_WARN_DEPRECATED_OBJC_IMPLEMENTATIONS = YES;
				CLANG_WARN_DIRECT_OBJC_ISA_USAGE = YES_ERROR;
				CLANG_WARN_DOCUMENTATION_COMMENTS = YES;
				CLANG_WARN_EMPTY_BODY = YES;
				CLANG_WARN_ENUM_CONVERSION = YES;
				CLANG_WARN_INFINITE_RECURSION = YES;
				CLANG_WARN_INT_CONVERSION = YES;
				CLANG_WARN_NON_LITERAL_NULL_CONVERSION = YES;
				CLANG_WARN_OBJC_IMPLICIT_RETAIN_SELF = YES;
				CLANG_WARN_OBJC_LITERAL_CONVERSION = YES;
				CLANG_WARN_OBJC_ROOT_CLASS = YES_ERROR;
				CLANG_WARN_QUOTED_INCLUDE_IN_FRAMEWORK_HEADER = YES;
				CLANG_WARN_RANGE_LOOP_ANALYSIS = YES;
				CLANG_WARN_STRICT_PROTOTYPES = YES;
				CLANG_WARN_SUSPICIOUS_MOVE = YES;
				CLANG_WARN_UNGUARDED_AVAILABILITY = YES_AGGRESSIVE;
				CLANG_WARN_UNREACHABLE_CODE = YES;
				CLANG_WARN__DUPLICATE_METHOD_MATCH = YES;
				COPY_PHASE_STRIP = NO;
				DEBUG_INFORMATION_FORMAT = dwarf;
				ENABLE_STRICT_OBJC_MSGSEND = YES;
				ENABLE_TESTABILITY = YES;
				ENABLE_USER_SCRIPT_SANDBOXING = YES;
				GCC_C_LANGUAGE_STANDARD = gnu17;
				GCC_DYNAMIC_NO_PIC = NO;
				GCC_NO_COMMON_BLOCKS = YES;
				GCC_OPTIMIZATION_LEVEL = 0;
				GCC_PREPROCESSOR_DEFINITIONS = (
					"DEBUG=1",
					"$(inherited)",
				);
				GCC_WARN_64_TO_32_BIT_CONVERSION = YES;
				GCC_WARN_ABOUT_RETURN_TYPE = YES_ERROR;
				GCC_WARN_UNDECLARED_SELECTOR = YES;
				GCC_WARN_UNINITIALIZED_AUTOS = YES_AGGRESSIVE;
				GCC_WARN_UNUSED_FUNCTION = YES;
				GCC_WARN_UNUSED_VARIABLE = YES;
				LOCALIZATION_PREFERS_STRING_CATALOGS = YES;
				MTL_ENABLE_DEBUG_INFO = INCLUDE_SOURCE;
				MTL_FAST_MATH = YES;
				ONLY_ACTIVE_ARCH = YES;
				SWIFT_ACTIVE_COMPILATION_CONDITIONS = "DEBUG $(inherited)";
				SWIFT_OPTIMIZATION_LEVEL = "-Onone";
			};
			name = Debug;
		};
		786130B22CB454A40008F9B6 /* Release */ = {
			isa = XCBuildConfiguration;
			buildSettings = {
				ALWAYS_SEARCH_USER_PATHS = NO;
				ASSETCATALOG_COMPILER_GENERATE_SWIFT_ASSET_SYMBOL_EXTENSIONS = YES;
				CLANG_ANALYZER_NONNULL = YES;
				CLANG_ANALYZER_NUMBER_OBJECT_CONVERSION = YES_AGGRESSIVE;
				CLANG_CXX_LANGUAGE_STANDARD = "gnu++20";
				CLANG_ENABLE_MODULES = YES;
				CLANG_ENABLE_OBJC_ARC = YES;
				CLANG_ENABLE_OBJC_WEAK = YES;
				CLANG_WARN_BLOCK_CAPTURE_AUTORELEASING = YES;
				CLANG_WARN_BOOL_CONVERSION = YES;
				CLANG_WARN_COMMA = YES;
				CLANG_WARN_CONSTANT_CONVERSION = YES;
				CLANG_WARN_DEPRECATED_OBJC_IMPLEMENTATIONS = YES;
				CLANG_WARN_DIRECT_OBJC_ISA_USAGE = YES_ERROR;
				CLANG_WARN_DOCUMENTATION_COMMENTS = YES;
				CLANG_WARN_EMPTY_BODY = YES;
				CLANG_WARN_ENUM_CONVERSION = YES;
				CLANG_WARN_INFINITE_RECURSION = YES;
				CLANG_WARN_INT_CONVERSION = YES;
				CLANG_WARN_NON_LITERAL_NULL_CONVERSION = YES;
				CLANG_WARN_OBJC_IMPLICIT_RETAIN_SELF = YES;
				CLANG_WARN_OBJC_LITERAL_CONVERSION = YES;
				CLANG_WARN_OBJC_ROOT_CLASS = YES_ERROR;
				CLANG_WARN_QUOTED_INCLUDE_IN_FRAMEWORK_HEADER = YES;
				CLANG_WARN_RANGE_LOOP_ANALYSIS = YES;
				CLANG_WARN_STRICT_PROTOTYPES = YES;
				CLANG_WARN_SUSPICIOUS_MOVE = YES;
				CLANG_WARN_UNGUARDED_AVAILABILITY = YES_AGGRESSIVE;
				CLANG_WARN_UNREACHABLE_CODE = YES;
				CLANG_WARN__DUPLICATE_METHOD_MATCH = YES;
				COPY_PHASE_STRIP = NO;
				DEBUG_INFORMATION_FORMAT = "dwarf-with-dsym";
				ENABLE_NS_ASSERTIONS = NO;
				ENABLE_STRICT_OBJC_MSGSEND = YES;
				ENABLE_USER_SCRIPT_SANDBOXING = YES;
				GCC_C_LANGUAGE_STANDARD = gnu17;
				GCC_NO_COMMON_BLOCKS = YES;
				GCC_WARN_64_TO_32_BIT_CONVERSION = YES;
				GCC_WARN_ABOUT_RETURN_TYPE = YES_ERROR;
				GCC_WARN_UNDECLARED_SELECTOR = YES;
				GCC_WARN_UNINITIALIZED_AUTOS = YES_AGGRESSIVE;
				GCC_WARN_UNUSED_FUNCTION = YES;
				GCC_WARN_UNUSED_VARIABLE = YES;
				LOCALIZATION_PREFERS_STRING_CATALOGS = YES;
				MTL_ENABLE_DEBUG_INFO = NO;
				MTL_FAST_MATH = YES;
				SWIFT_COMPILATION_MODE = wholemodule;
			};
			name = Release;
		};
		786130B42CB454A40008F9B6 /* Debug */ = {
			isa = XCBuildConfiguration;
			buildSettings = {
				ASSETCATALOG_COMPILER_APPICON_NAME = AppIcon;
				ASSETCATALOG_COMPILER_GLOBAL_ACCENT_COLOR_NAME = AccentColor;
				CODE_SIGN_ENTITLEMENTS = App761/App761.entitlements;
				CODE_SIGN_STYLE = Automatic;
				CURRENT_PROJECT_VERSION = 1;
				DEVELOPMENT_ASSET_PATHS = "\"App761/Preview Content\"";
				ENABLE_PREVIEWS = YES;
				GENERATE_INFOPLIST_FILE = YES;
				INFOPLIST_KEY_CFBundleDisplayName = 4RaDreamSpectrum;
				"INFOPLIST_KEY_UIApplicationSceneManifest_Generation[sdk=iphoneos*]" = YES;
				"INFOPLIST_KEY_UIApplicationSceneManifest_Generation[sdk=iphonesimulator*]" = YES;
				"INFOPLIST_KEY_UIApplicationSupportsIndirectInputEvents[sdk=iphoneos*]" = YES;
				"INFOPLIST_KEY_UIApplicationSupportsIndirectInputEvents[sdk=iphonesimulator*]" = YES;
				"INFOPLIST_KEY_UILaunchScreen_Generation[sdk=iphoneos*]" = YES;
				"INFOPLIST_KEY_UILaunchScreen_Generation[sdk=iphonesimulator*]" = YES;
				INFOPLIST_KEY_UILaunchStoryboardName = "Launch Screen.storyboard";
				"INFOPLIST_KEY_UIStatusBarStyle[sdk=iphoneos*]" = UIStatusBarStyleDefault;
				"INFOPLIST_KEY_UIStatusBarStyle[sdk=iphonesimulator*]" = UIStatusBarStyleDefault;
				INFOPLIST_KEY_UISupportedInterfaceOrientations = UIInterfaceOrientationPortrait;
				INFOPLIST_KEY_UISupportedInterfaceOrientations_iPad = "UIInterfaceOrientationLandscapeLeft UIInterfaceOrientationLandscapeRight UIInterfaceOrientationPortrait UIInterfaceOrientationPortraitUpsideDown";
				IPHONEOS_DEPLOYMENT_TARGET = 14.0;
				LD_RUNPATH_SEARCH_PATHS = "@executable_path/Frameworks";
				"LD_RUNPATH_SEARCH_PATHS[sdk=macosx*]" = "@executable_path/../Frameworks";
				MACOSX_DEPLOYMENT_TARGET = 14.1;
				MARKETING_VERSION = 1.0;
				PRODUCT_BUNDLE_IDENTIFIER = IOI.App761;
				PRODUCT_NAME = "$(TARGET_NAME)";
				SDKROOT = auto;
				SUPPORTED_PLATFORMS = "iphoneos iphonesimulator";
				SUPPORTS_MACCATALYST = NO;
				SWIFT_EMIT_LOC_STRINGS = YES;
				SWIFT_VERSION = 5.0;
				TARGETED_DEVICE_FAMILY = 1;
			};
			name = Debug;
		};
		786130B52CB454A40008F9B6 /* Release */ = {
			isa = XCBuildConfiguration;
			buildSettings = {
				ASSETCATALOG_COMPILER_APPICON_NAME = AppIcon;
				ASSETCATALOG_COMPILER_GLOBAL_ACCENT_COLOR_NAME = AccentColor;
				CODE_SIGN_ENTITLEMENTS = App761/App761.entitlements;
				CODE_SIGN_STYLE = Automatic;
				CURRENT_PROJECT_VERSION = 1;
				DEVELOPMENT_ASSET_PATHS = "\"App761/Preview Content\"";
				ENABLE_PREVIEWS = YES;
				GENERATE_INFOPLIST_FILE = YES;
				INFOPLIST_KEY_CFBundleDisplayName = 4RaDreamSpectrum;
				"INFOPLIST_KEY_UIApplicationSceneManifest_Generation[sdk=iphoneos*]" = YES;
				"INFOPLIST_KEY_UIApplicationSceneManifest_Generation[sdk=iphonesimulator*]" = YES;
				"INFOPLIST_KEY_UIApplicationSupportsIndirectInputEvents[sdk=iphoneos*]" = YES;
				"INFOPLIST_KEY_UIApplicationSupportsIndirectInputEvents[sdk=iphonesimulator*]" = YES;
				"INFOPLIST_KEY_UILaunchScreen_Generation[sdk=iphoneos*]" = YES;
				"INFOPLIST_KEY_UILaunchScreen_Generation[sdk=iphonesimulator*]" = YES;
				INFOPLIST_KEY_UILaunchStoryboardName = "Launch Screen.storyboard";
				"INFOPLIST_KEY_UIStatusBarStyle[sdk=iphoneos*]" = UIStatusBarStyleDefault;
				"INFOPLIST_KEY_UIStatusBarStyle[sdk=iphonesimulator*]" = UIStatusBarStyleDefault;
				INFOPLIST_KEY_UISupportedInterfaceOrientations = UIInterfaceOrientationPortrait;
				INFOPLIST_KEY_UISupportedInterfaceOrientations_iPad = "UIInterfaceOrientationLandscapeLeft UIInterfaceOrientationLandscapeRight UIInterfaceOrientationPortrait UIInterfaceOrientationPortraitUpsideDown";
				IPHONEOS_DEPLOYMENT_TARGET = 14.0;
				LD_RUNPATH_SEARCH_PATHS = "@executable_path/Frameworks";
				"LD_RUNPATH_SEARCH_PATHS[sdk=macosx*]" = "@executable_path/../Frameworks";
				MACOSX_DEPLOYMENT_TARGET = 14.1;
				MARKETING_VERSION = 1.0;
				PRODUCT_BUNDLE_IDENTIFIER = IOI.App761;
				PRODUCT_NAME = "$(TARGET_NAME)";
				SDKROOT = auto;
				SUPPORTED_PLATFORMS = "iphoneos iphonesimulator";
				SUPPORTS_MACCATALYST = NO;
				SWIFT_EMIT_LOC_STRINGS = YES;
				SWIFT_VERSION = 5.0;
				TARGETED_DEVICE_FAMILY = 1;
			};
			name = Release;
		};
/* End XCBuildConfiguration section */

/* Begin XCConfigurationList section */
		7861309F2CB454A20008F9B6 /* Build configuration list for PBXProject "App761" */ = {
			isa = XCConfigurationList;
			buildConfigurations = (
				786130B12CB454A40008F9B6 /* Debug */,
				786130B22CB454A40008F9B6 /* Release */,
			);
			defaultConfigurationIsVisible = 0;
			defaultConfigurationName = Release;
		};
		786130B32CB454A40008F9B6 /* Build configuration list for PBXNativeTarget "App761" */ = {
			isa = XCConfigurationList;
			buildConfigurations = (
				786130B42CB454A40008F9B6 /* Debug */,
				786130B52CB454A40008F9B6 /* Release */,
			);
			defaultConfigurationIsVisible = 0;
			defaultConfigurationName = Release;
		};
/* End XCConfigurationList section */

/* Begin XCVersionGroup section */
		786130E72CB57D130008F9B6 /* CoreModel.xcdatamodeld */ = {
			isa = XCVersionGroup;
			children = (
				786130E82CB57D130008F9B6 /* CoreModel.xcdatamodel */,
			);
			currentVersion = 786130E82CB57D130008F9B6 /* CoreModel.xcdatamodel */;
			name = CoreModel.xcdatamodeld;
			path = /Users/igor/Documents/Applications/App761/App761/All/Extensions/CoreModel.xcdatamodeld;
			sourceTree = "<group>";
			versionGroupType = wrapper.xcdatamodel;
		};
/* End XCVersionGroup section */
	};
	rootObject = 7861309C2CB454A20008F9B6 /* Project object */;
}
